// !$*UTF8*$!
{
	archiveVersion = 1;
	classes = {
	};
	objectVersion = 48;
	objects = {

/* Begin PBXBuildFile section */
		790322832015166500A801E9 /* AppDelegate.swift in Sources */ = {isa = PBXBuildFile; fileRef = 790322822015166500A801E9 /* AppDelegate.swift */; };
		790322852015166500A801E9 /* ViewController.swift in Sources */ = {isa = PBXBuildFile; fileRef = 790322842015166500A801E9 /* ViewController.swift */; };
		790322882015166500A801E9 /* Main.storyboard in Resources */ = {isa = PBXBuildFile; fileRef = 790322862015166500A801E9 /* Main.storyboard */; };
		7903228A2015166500A801E9 /* Assets.xcassets in Resources */ = {isa = PBXBuildFile; fileRef = 790322892015166500A801E9 /* Assets.xcassets */; };
		7903228D2015166500A801E9 /* LaunchScreen.storyboard in Resources */ = {isa = PBXBuildFile; fileRef = 7903228B2015166500A801E9 /* LaunchScreen.storyboard */; };
		7926695C203247FD007941B9 /* resnet_id.mlmodel in Sources */ = {isa = PBXBuildFile; fileRef = 7926695B203247FD007941B9 /* resnet_id.mlmodel */; };
		7926696420325A95007941B9 /* model_ft.mlmodel in Sources */ = {isa = PBXBuildFile; fileRef = 7926696320325A95007941B9 /* model_ft.mlmodel */; };
		794524EC2035017800E9E7B1 /* Launch Screen.storyboard in Resources */ = {isa = PBXBuildFile; fileRef = 794524EB2035017800E9E7B1 /* Launch Screen.storyboard */; };
		796A38892022B1BE00C68F41 /* vggface.mlmodel in Sources */ = {isa = PBXBuildFile; fileRef = 796A38882022B1BE00C68F41 /* vggface.mlmodel */; };
		796A388B2022BB9700C68F41 /* VGG16Face.mlmodel in Sources */ = {isa = PBXBuildFile; fileRef = 796A388A2022BB9700C68F41 /* VGG16Face.mlmodel */; };
		796A388F202360F900C68F41 /* MobileNet.mlmodel in Sources */ = {isa = PBXBuildFile; fileRef = 796A388E202360F900C68F41 /* MobileNet.mlmodel */; };
/* End PBXBuildFile section */

/* Begin PBXFileReference section */
		7903227F2015166500A801E9 /* faceRecognition.app */ = {isa = PBXFileReference; explicitFileType = wrapper.application; includeInIndex = 0; path = faceRecognition.app; sourceTree = BUILT_PRODUCTS_DIR; };
		790322822015166500A801E9 /* AppDelegate.swift */ = {isa = PBXFileReference; lastKnownFileType = sourcecode.swift; path = AppDelegate.swift; sourceTree = "<group>"; };
		790322842015166500A801E9 /* ViewController.swift */ = {isa = PBXFileReference; lastKnownFileType = sourcecode.swift; path = ViewController.swift; sourceTree = "<group>"; };
		790322872015166500A801E9 /* Base */ = {isa = PBXFileReference; lastKnownFileType = file.storyboard; name = Base; path = Base.lproj/Main.storyboard; sourceTree = "<group>"; };
		790322892015166500A801E9 /* Assets.xcassets */ = {isa = PBXFileReference; lastKnownFileType = folder.assetcatalog; path = Assets.xcassets; sourceTree = "<group>"; };
		7903228C2015166500A801E9 /* Base */ = {isa = PBXFileReference; lastKnownFileType = file.storyboard; name = Base; path = Base.lproj/LaunchScreen.storyboard; sourceTree = "<group>"; };
		7903228E2015166500A801E9 /* Info.plist */ = {isa = PBXFileReference; lastKnownFileType = text.plist.xml; path = Info.plist; sourceTree = "<group>"; };
		7926695B203247FD007941B9 /* resnet_id.mlmodel */ = {isa = PBXFileReference; lastKnownFileType = file.mlmodel; name = resnet_id.mlmodel; path = ../../../coremlConversion/resnet_id.mlmodel; sourceTree = "<group>"; };
		7926696320325A95007941B9 /* model_ft.mlmodel */ = {isa = PBXFileReference; lastKnownFileType = file.mlmodel; name = model_ft.mlmodel; path = ../../../coremlConversion/model_ft.mlmodel; sourceTree = "<group>"; };
		794524EB2035017800E9E7B1 /* Launch Screen.storyboard */ = {isa = PBXFileReference; lastKnownFileType = file.storyboard; path = "Launch Screen.storyboard"; sourceTree = "<group>"; };
		796A38882022B1BE00C68F41 /* vggface.mlmodel */ = {isa = PBXFileReference; lastKnownFileType = file.mlmodel; name = vggface.mlmodel; path = ../../../../Downloads/vgg_face_caffe/vggface.mlmodel; sourceTree = "<group>"; };
		796A388A2022BB9700C68F41 /* VGG16Face.mlmodel */ = {isa = PBXFileReference; lastKnownFileType = file.mlmodel; name = VGG16Face.mlmodel; path = ../../../../Downloads/vgg_face_caffe/VGG16Face.mlmodel; sourceTree = "<group>"; };
		796A388E202360F900C68F41 /* MobileNet.mlmodel */ = {isa = PBXFileReference; lastKnownFileType = file.mlmodel; name = MobileNet.mlmodel; path = "../../../../Downloads/ClassifyingImagesWithVisionAndCoreML/Vision+ML Example/Model/MobileNet.mlmodel"; sourceTree = "<group>"; };
/* End PBXFileReference section */

/* Begin PBXFrameworksBuildPhase section */
		7903227C2015166500A801E9 /* Frameworks */ = {
			isa = PBXFrameworksBuildPhase;
			buildActionMask = 2147483647;
			files = (
			);
			runOnlyForDeploymentPostprocessing = 0;
		};
/* End PBXFrameworksBuildPhase section */

/* Begin PBXGroup section */
		790322762015166500A801E9 = {
			isa = PBXGroup;
			children = (
				790322812015166500A801E9 /* faceRecognition */,
				790322802015166500A801E9 /* Products */,
			);
			sourceTree = "<group>";
		};
		790322802015166500A801E9 /* Products */ = {
			isa = PBXGroup;
			children = (
				7903227F2015166500A801E9 /* faceRecognition.app */,
			);
			name = Products;
			sourceTree = "<group>";
		};
		790322812015166500A801E9 /* faceRecognition */ = {
			isa = PBXGroup;
			children = (
				790322822015166500A801E9 /* AppDelegate.swift */,
				790322842015166500A801E9 /* ViewController.swift */,
				790322862015166500A801E9 /* Main.storyboard */,
				794524EB2035017800E9E7B1 /* Launch Screen.storyboard */,
				790322892015166500A801E9 /* Assets.xcassets */,
				7903228B2015166500A801E9 /* LaunchScreen.storyboard */,
				7903228E2015166500A801E9 /* Info.plist */,
				796A388E202360F900C68F41 /* MobileNet.mlmodel */,
				7926695B203247FD007941B9 /* resnet_id.mlmodel */,
				796A38882022B1BE00C68F41 /* vggface.mlmodel */,
				796A388A2022BB9700C68F41 /* VGG16Face.mlmodel */,
				7926696320325A95007941B9 /* model_ft.mlmodel */,
			);
			path = faceRecognition;
			sourceTree = "<group>";
		};
/* End PBXGroup section */

/* Begin PBXNativeTarget section */
		7903227E2015166500A801E9 /* faceRecognition */ = {
			isa = PBXNativeTarget;
			buildConfigurationList = 790322912015166500A801E9 /* Build configuration list for PBXNativeTarget "faceRecognition" */;
			buildPhases = (
				7903227B2015166500A801E9 /* Sources */,
				7903227C2015166500A801E9 /* Frameworks */,
				7903227D2015166500A801E9 /* Resources */,
			);
			buildRules = (
			);
			dependencies = (
			);
			name = faceRecognition;
			productName = faceRecognition;
			productReference = 7903227F2015166500A801E9 /* faceRecognition.app */;
			productType = "com.apple.product-type.application";
		};
/* End PBXNativeTarget section */

/* Begin PBXProject section */
		790322772015166500A801E9 /* Project object */ = {
			isa = PBXProject;
			attributes = {
				LastSwiftUpdateCheck = 0910;
				LastUpgradeCheck = 0910;
				ORGANIZATIONNAME = "Evridiki Christodoulou";
				TargetAttributes = {
					7903227E2015166500A801E9 = {
						CreatedOnToolsVersion = 9.1;
						ProvisioningStyle = Automatic;
					};
				};
			};
			buildConfigurationList = 7903227A2015166500A801E9 /* Build configuration list for PBXProject "faceRecognition" */;
			compatibilityVersion = "Xcode 8.0";
			developmentRegion = en;
			hasScannedForEncodings = 0;
			knownRegions = (
				en,
				Base,
			);
			mainGroup = 790322762015166500A801E9;
			productRefGroup = 790322802015166500A801E9 /* Products */;
			projectDirPath = "";
			projectRoot = "";
			targets = (
				7903227E2015166500A801E9 /* faceRecognition */,
			);
		};
/* End PBXProject section */

/* Begin PBXResourcesBuildPhase section */
		7903227D2015166500A801E9 /* Resources */ = {
			isa = PBXResourcesBuildPhase;
			buildActionMask = 2147483647;
			files = (
				7903228D2015166500A801E9 /* LaunchScreen.storyboard in Resources */,
				7903228A2015166500A801E9 /* Assets.xcassets in Resources */,
				794524EC2035017800E9E7B1 /* Launch Screen.storyboard in Resources */,
				790322882015166500A801E9 /* Main.storyboard in Resources */,
			);
			runOnlyForDeploymentPostprocessing = 0;
		};
/* End PBXResourcesBuildPhase section */

/* Begin PBXSourcesBuildPhase section */
		7903227B2015166500A801E9 /* Sources */ = {
			isa = PBXSourcesBuildPhase;
			buildActionMask = 2147483647;
			files = (
				796A38892022B1BE00C68F41 /* vggface.mlmodel in Sources */,
				7926695C203247FD007941B9 /* resnet_id.mlmodel in Sources */,
				7926696420325A95007941B9 /* model_ft.mlmodel in Sources */,
				790322852015166500A801E9 /* ViewController.swift in Sources */,
				790322832015166500A801E9 /* AppDelegate.swift in Sources */,
				796A388F202360F900C68F41 /* MobileNet.mlmodel in Sources */,
				796A388B2022BB9700C68F41 /* VGG16Face.mlmodel in Sources */,
			);
			runOnlyForDeploymentPostprocessing = 0;
		};
/* End PBXSourcesBuildPhase section */

/* Begin PBXVariantGroup section */
		790322862015166500A801E9 /* Main.storyboard */ = {
			isa = PBXVariantGroup;
			children = (
				790322872015166500A801E9 /* Base */,
			);
			name = Main.storyboard;
			sourceTree = "<group>";
		};
		7903228B2015166500A801E9 /* LaunchScreen.storyboard */ = {
			isa = PBXVariantGroup;
			children = (
				7903228C2015166500A801E9 /* Base */,
			);
			name = LaunchScreen.storyboard;
			sourceTree = "<group>";
		};
/* End PBXVariantGroup section */

/* Begin XCBuildConfiguration section */
		7903228F2015166500A801E9 /* Debug */ = {
			isa = XCBuildConfiguration;
			buildSettings = {
				ALWAYS_SEARCH_USER_PATHS = NO;
				CLANG_ANALYZER_NONNULL = YES;
				CLANG_ANALYZER_NUMBER_OBJECT_CONVERSION = YES_AGGRESSIVE;
				CLANG_CXX_LANGUAGE_STANDARD = "gnu++14";
				CLANG_CXX_LIBRARY = "libc++";
				CLANG_ENABLE_MODULES = YES;
				CLANG_ENABLE_OBJC_ARC = YES;
				CLANG_WARN_BLOCK_CAPTURE_AUTORELEASING = YES;
				CLANG_WARN_BOOL_CONVERSION = YES;
				CLANG_WARN_COMMA = YES;
				CLANG_WARN_CONSTANT_CONVERSION = YES;
				CLANG_WARN_DIRECT_OBJC_ISA_USAGE = YES_ERROR;
				CLANG_WARN_DOCUMENTATION_COMMENTS = YES;
				CLANG_WARN_EMPTY_BODY = YES;
				CLANG_WARN_ENUM_CONVERSION = YES;
				CLANG_WARN_INFINITE_RECURSION = YES;
				CLANG_WARN_INT_CONVERSION = YES;
				CLANG_WARN_NON_LITERAL_NULL_CONVERSION = YES;
				CLANG_WARN_OBJC_LITERAL_CONVERSION = YES;
				CLANG_WARN_OBJC_ROOT_CLASS = YES_ERROR;
				CLANG_WARN_RANGE_LOOP_ANALYSIS = YES;
				CLANG_WARN_STRICT_PROTOTYPES = YES;
				CLANG_WARN_SUSPICIOUS_MOVE = YES;
				CLANG_WARN_UNGUARDED_AVAILABILITY = YES_AGGRESSIVE;
				CLANG_WARN_UNREACHABLE_CODE = YES;
				CLANG_WARN__DUPLICATE_METHOD_MATCH = YES;
				CODE_SIGN_IDENTITY = "iPhone Developer";
				COPY_PHASE_STRIP = NO;
				DEBUG_INFORMATION_FORMAT = dwarf;
				ENABLE_STRICT_OBJC_MSGSEND = YES;
				ENABLE_TESTABILITY = YES;
				GCC_C_LANGUAGE_STANDARD = gnu11;
				GCC_DYNAMIC_NO_PIC = NO;
				GCC_NO_COMMON_BLOCKS = YES;
				GCC_OPTIMIZATION_LEVEL = 0;
				GCC_PREPROCESSOR_DEFINITIONS = (
					"DEBUG=1",
					"$(inherited)",
				);
				GCC_WARN_64_TO_32_BIT_CONVERSION = YES;
				GCC_WARN_ABOUT_RETURN_TYPE = YES_ERROR;
				GCC_WARN_UNDECLARED_SELECTOR = YES;
				GCC_WARN_UNINITIALIZED_AUTOS = YES_AGGRESSIVE;
				GCC_WARN_UNUSED_FUNCTION = YES;
				GCC_WARN_UNUSED_VARIABLE = YES;
				IPHONEOS_DEPLOYMENT_TARGET = 11.1;
				MTL_ENABLE_DEBUG_INFO = YES;
				ONLY_ACTIVE_ARCH = YES;
				SDKROOT = iphoneos;
				SWIFT_ACTIVE_COMPILATION_CONDITIONS = DEBUG;
				SWIFT_OPTIMIZATION_LEVEL = "-Onone";
			};
			name = Debug;
		};
		790322902015166500A801E9 /* Release */ = {
			isa = XCBuildConfiguration;
			buildSettings = {
				ALWAYS_SEARCH_USER_PATHS = NO;
				CLANG_ANALYZER_NONNULL = YES;
				CLANG_ANALYZER_NUMBER_OBJECT_CONVERSION = YES_AGGRESSIVE;
				CLANG_CXX_LANGUAGE_STANDARD = "gnu++14";
				CLANG_CXX_LIBRARY = "libc++";
				CLANG_ENABLE_MODULES = YES;
				CLANG_ENABLE_OBJC_ARC = YES;
				CLANG_WARN_BLOCK_CAPTURE_AUTORELEASING = YES;
				CLANG_WARN_BOOL_CONVERSION = YES;
				CLANG_WARN_COMMA = YES;
				CLANG_WARN_CONSTANT_CONVERSION = YES;
				CLANG_WARN_DIRECT_OBJC_ISA_USAGE = YES_ERROR;
				CLANG_WARN_DOCUMENTATION_COMMENTS = YES;
				CLANG_WARN_EMPTY_BODY = YES;
				CLANG_WARN_ENUM_CONVERSION = YES;
				CLANG_WARN_INFINITE_RECURSION = YES;
				CLANG_WARN_INT_CONVERSION = YES;
				CLANG_WARN_NON_LITERAL_NULL_CONVERSION = YES;
				CLANG_WARN_OBJC_LITERAL_CONVERSION = YES;
				CLANG_WARN_OBJC_ROOT_CLASS = YES_ERROR;
				CLANG_WARN_RANGE_LOOP_ANALYSIS = YES;
				CLANG_WARN_STRICT_PROTOTYPES = YES;
				CLANG_WARN_SUSPICIOUS_MOVE = YES;
				CLANG_WARN_UNGUARDED_AVAILABILITY = YES_AGGRESSIVE;
				CLANG_WARN_UNREACHABLE_CODE = YES;
				CLANG_WARN__DUPLICATE_METHOD_MATCH = YES;
				CODE_SIGN_IDENTITY = "iPhone Developer";
				COPY_PHASE_STRIP = NO;
				DEBUG_INFORMATION_FORMAT = "dwarf-with-dsym";
				ENABLE_NS_ASSERTIONS = NO;
				ENABLE_STRICT_OBJC_MSGSEND = YES;
				GCC_C_LANGUAGE_STANDARD = gnu11;
				GCC_NO_COMMON_BLOCKS = YES;
				GCC_WARN_64_TO_32_BIT_CONVERSION = YES;
				GCC_WARN_ABOUT_RETURN_TYPE = YES_ERROR;
				GCC_WARN_UNDECLARED_SELECTOR = YES;
				GCC_WARN_UNINITIALIZED_AUTOS = YES_AGGRESSIVE;
				GCC_WARN_UNUSED_FUNCTION = YES;
				GCC_WARN_UNUSED_VARIABLE = YES;
				IPHONEOS_DEPLOYMENT_TARGET = 11.1;
				MTL_ENABLE_DEBUG_INFO = NO;
				SDKROOT = iphoneos;
				SWIFT_OPTIMIZATION_LEVEL = "-Owholemodule";
				VALIDATE_PRODUCT = YES;
			};
			name = Release;
		};
		790322922015166500A801E9 /* Debug */ = {
			isa = XCBuildConfiguration;
			buildSettings = {
				ASSETCATALOG_COMPILER_APPICON_NAME = AppIcon;
				CODE_SIGN_STYLE = Automatic;
				DEVELOPMENT_TEAM = 3EW38UR6TZ;
				INFOPLIST_FILE = faceRecognition/Info.plist;
				LD_RUNPATH_SEARCH_PATHS = "$(inherited) @executable_path/Frameworks";
				PRODUCT_BUNDLE_IDENTIFIER = com.echristodoulou.faceRecognition;
				PRODUCT_NAME = "$(TARGET_NAME)";
				SWIFT_VERSION = 4.0;
				TARGETED_DEVICE_FAMILY = "1,2";
			};
			name = Debug;
		};
		790322932015166500A801E9 /* Release */ = {
			isa = XCBuildConfiguration;
			buildSettings = {
				ASSETCATALOG_COMPILER_APPICON_NAME = AppIcon;
				CODE_SIGN_STYLE = Automatic;
				DEVELOPMENT_TEAM = 3EW38UR6TZ;
				INFOPLIST_FILE = faceRecognition/Info.plist;
				LD_RUNPATH_SEARCH_PATHS = "$(inherited) @executable_path/Frameworks";
				PRODUCT_BUNDLE_IDENTIFIER = com.echristodoulou.faceRecognition;
				PRODUCT_NAME = "$(TARGET_NAME)";
				SWIFT_VERSION = 4.0;
				TARGETED_DEVICE_FAMILY = "1,2";
			};
			name = Release;
		};
/* End XCBuildConfiguration section */

/* Begin XCConfigurationList section */
		7903227A2015166500A801E9 /* Build configuration list for PBXProject "faceRecognition" */ = {
			isa = XCConfigurationList;
			buildConfigurations = (
				7903228F2015166500A801E9 /* Debug */,
				790322902015166500A801E9 /* Release */,
			);
			defaultConfigurationIsVisible = 0;
			defaultConfigurationName = Release;
		};
		790322912015166500A801E9 /* Build configuration list for PBXNativeTarget "faceRecognition" */ = {
			isa = XCConfigurationList;
			buildConfigurations = (
				790322922015166500A801E9 /* Debug */,
				790322932015166500A801E9 /* Release */,
			);
			defaultConfigurationIsVisible = 0;
			defaultConfigurationName = Release;
		};
/* End XCConfigurationList section */
	};
	rootObject = 790322772015166500A801E9 /* Project object */;
}
