// !$*UTF8*$!
{
	archiveVersion = 1;
	classes = {
	};
	objectVersion = 48;
	objects = {

/* Begin PBXBuildFile section */
		79D162832061FB810065B9AE /* AppDelegate.swift in Sources */ = {isa = PBXBuildFile; fileRef = 79D162822061FB810065B9AE /* AppDelegate.swift */; };
		79D162852061FB810065B9AE /* ViewController.swift in Sources */ = {isa = PBXBuildFile; fileRef = 79D162842061FB810065B9AE /* ViewController.swift */; };
		79D162882061FB810065B9AE /* Main.storyboard in Resources */ = {isa = PBXBuildFile; fileRef = 79D162862061FB810065B9AE /* Main.storyboard */; };
		79D1628A2061FB810065B9AE /* Assets.xcassets in Resources */ = {isa = PBXBuildFile; fileRef = 79D162892061FB810065B9AE /* Assets.xcassets */; };
		79D1628D2061FB810065B9AE /* LaunchScreen.storyboard in Resources */ = {isa = PBXBuildFile; fileRef = 79D1628B2061FB810065B9AE /* LaunchScreen.storyboard */; };
/* End PBXBuildFile section */

/* Begin PBXFileReference section */
		79D1627F2061FB810065B9AE /* YoloCroppingFaces.app */ = {isa = PBXFileReference; explicitFileType = wrapper.application; includeInIndex = 0; path = YoloCroppingFaces.app; sourceTree = BUILT_PRODUCTS_DIR; };
		79D162822061FB810065B9AE /* AppDelegate.swift */ = {isa = PBXFileReference; lastKnownFileType = sourcecode.swift; path = AppDelegate.swift; sourceTree = "<group>"; };
		79D162842061FB810065B9AE /* ViewController.swift */ = {isa = PBXFileReference; lastKnownFileType = sourcecode.swift; path = ViewController.swift; sourceTree = "<group>"; };
		79D162872061FB810065B9AE /* Base */ = {isa = PBXFileReference; lastKnownFileType = file.storyboard; name = Base; path = Base.lproj/Main.storyboard; sourceTree = "<group>"; };
		79D162892061FB810065B9AE /* Assets.xcassets */ = {isa = PBXFileReference; lastKnownFileType = folder.assetcatalog; path = Assets.xcassets; sourceTree = "<group>"; };
		79D1628C2061FB810065B9AE /* Base */ = {isa = PBXFileReference; lastKnownFileType = file.storyboard; name = Base; path = Base.lproj/LaunchScreen.storyboard; sourceTree = "<group>"; };
		79D1628E2061FB810065B9AE /* Info.plist */ = {isa = PBXFileReference; lastKnownFileType = text.plist.xml; path = Info.plist; sourceTree = "<group>"; };
/* End PBXFileReference section */

/* Begin PBXFrameworksBuildPhase section */
		79D1627C2061FB810065B9AE /* Frameworks */ = {
			isa = PBXFrameworksBuildPhase;
			buildActionMask = 2147483647;
			files = (
			);
			runOnlyForDeploymentPostprocessing = 0;
		};
/* End PBXFrameworksBuildPhase section */

/* Begin PBXGroup section */
		79D162762061FB810065B9AE = {
			isa = PBXGroup;
			children = (
				79D162812061FB810065B9AE /* YoloCroppingFaces */,
				79D162802061FB810065B9AE /* Products */,
			);
			sourceTree = "<group>";
		};
		79D162802061FB810065B9AE /* Products */ = {
			isa = PBXGroup;
			children = (
				79D1627F2061FB810065B9AE /* YoloCroppingFaces.app */,
			);
			name = Products;
			sourceTree = "<group>";
		};
		79D162812061FB810065B9AE /* YoloCroppingFaces */ = {
			isa = PBXGroup;
			children = (
				79D162822061FB810065B9AE /* AppDelegate.swift */,
				79D162842061FB810065B9AE /* ViewController.swift */,
				79D162862061FB810065B9AE /* Main.storyboard */,
				79D162892061FB810065B9AE /* Assets.xcassets */,
				79D1628B2061FB810065B9AE /* LaunchScreen.storyboard */,
				79D1628E2061FB810065B9AE /* Info.plist */,
			);
			path = YoloCroppingFaces;
			sourceTree = "<group>";
		};
/* End PBXGroup section */

/* Begin PBXNativeTarget section */
		79D1627E2061FB810065B9AE /* YoloCroppingFaces */ = {
			isa = PBXNativeTarget;
			buildConfigurationList = 79D162912061FB810065B9AE /* Build configuration list for PBXNativeTarget "YoloCroppingFaces" */;
			buildPhases = (
				79D1627B2061FB810065B9AE /* Sources */,
				79D1627C2061FB810065B9AE /* Frameworks */,
				79D1627D2061FB810065B9AE /* Resources */,
			);
			buildRules = (
			);
			dependencies = (
			);
			name = YoloCroppingFaces;
			productName = YoloCroppingFaces;
			productReference = 79D1627F2061FB810065B9AE /* YoloCroppingFaces.app */;
			productType = "com.apple.product-type.application";
		};
/* End PBXNativeTarget section */

/* Begin PBXProject section */
		79D162772061FB810065B9AE /* Project object */ = {
			isa = PBXProject;
			attributes = {
				LastSwiftUpdateCheck = 0920;
				LastUpgradeCheck = 0920;
				ORGANIZATIONNAME = "Evridiki Christodoulou";
				TargetAttributes = {
					79D1627E2061FB810065B9AE = {
						CreatedOnToolsVersion = 9.2;
						ProvisioningStyle = Automatic;
					};
				};
			};
			buildConfigurationList = 79D1627A2061FB810065B9AE /* Build configuration list for PBXProject "YoloCroppingFaces" */;
			compatibilityVersion = "Xcode 8.0";
			developmentRegion = en;
			hasScannedForEncodings = 0;
			knownRegions = (
				en,
				Base,
			);
			mainGroup = 79D162762061FB810065B9AE;
			productRefGroup = 79D162802061FB810065B9AE /* Products */;
			projectDirPath = "";
			projectRoot = "";
			targets = (
				79D1627E2061FB810065B9AE /* YoloCroppingFaces */,
			);
		};
/* End PBXProject section */

/* Begin PBXResourcesBuildPhase section */
		79D1627D2061FB810065B9AE /* Resources */ = {
			isa = PBXResourcesBuildPhase;
			buildActionMask = 2147483647;
			files = (
				79D1628D2061FB810065B9AE /* LaunchScreen.storyboard in Resources */,
				79D1628A2061FB810065B9AE /* Assets.xcassets in Resources */,
				79D162882061FB810065B9AE /* Main.storyboard in Resources */,
			);
			runOnlyForDeploymentPostprocessing = 0;
		};
/* End PBXResourcesBuildPhase section */

/* Begin PBXSourcesBuildPhase section */
		79D1627B2061FB810065B9AE /* Sources */ = {
			isa = PBXSourcesBuildPhase;
			buildActionMask = 2147483647;
			files = (
				79D162852061FB810065B9AE /* ViewController.swift in Sources */,
				79D162832061FB810065B9AE /* AppDelegate.swift in Sources */,
			);
			runOnlyForDeploymentPostprocessing = 0;
		};
/* End PBXSourcesBuildPhase section */

/* Begin PBXVariantGroup section */
		79D162862061FB810065B9AE /* Main.storyboard */ = {
			isa = PBXVariantGroup;
			children = (
				79D162872061FB810065B9AE /* Base */,
			);
			name = Main.storyboard;
			sourceTree = "<group>";
		};
		79D1628B2061FB810065B9AE /* LaunchScreen.storyboard */ = {
			isa = PBXVariantGroup;
			children = (
				79D1628C2061FB810065B9AE /* Base */,
			);
			name = LaunchScreen.storyboard;
			sourceTree = "<group>";
		};
/* End PBXVariantGroup section */

/* Begin XCBuildConfiguration section */
		79D1628F2061FB810065B9AE /* Debug */ = {
			isa = XCBuildConfiguration;
			buildSettings = {
				ALWAYS_SEARCH_USER_PATHS = NO;
				CLANG_ANALYZER_NONNULL = YES;
				CLANG_ANALYZER_NUMBER_OBJECT_CONVERSION = YES_AGGRESSIVE;
				CLANG_CXX_LANGUAGE_STANDARD = "gnu++14";
				CLANG_CXX_LIBRARY = "libc++";
				CLANG_ENABLE_MODULES = YES;
				CLANG_ENABLE_OBJC_ARC = YES;
				CLANG_WARN_BLOCK_CAPTURE_AUTORELEASING = YES;
				CLANG_WARN_BOOL_CONVERSION = YES;
				CLANG_WARN_COMMA = YES;
				CLANG_WARN_CONSTANT_CONVERSION = YES;
				CLANG_WARN_DIRECT_OBJC_ISA_USAGE = YES_ERROR;
				CLANG_WARN_DOCUMENTATION_COMMENTS = YES;
				CLANG_WARN_EMPTY_BODY = YES;
				CLANG_WARN_ENUM_CONVERSION = YES;
				CLANG_WARN_INFINITE_RECURSION = YES;
				CLANG_WARN_INT_CONVERSION = YES;
				CLANG_WARN_NON_LITERAL_NULL_CONVERSION = YES;
				CLANG_WARN_OBJC_LITERAL_CONVERSION = YES;
				CLANG_WARN_OBJC_ROOT_CLASS = YES_ERROR;
				CLANG_WARN_RANGE_LOOP_ANALYSIS = YES;
				CLANG_WARN_STRICT_PROTOTYPES = YES;
				CLANG_WARN_SUSPICIOUS_MOVE = YES;
				CLANG_WARN_UNGUARDED_AVAILABILITY = YES_AGGRESSIVE;
				CLANG_WARN_UNREACHABLE_CODE = YES;
				CLANG_WARN__DUPLICATE_METHOD_MATCH = YES;
				CODE_SIGN_IDENTITY = "iPhone Developer";
				COPY_PHASE_STRIP = NO;
				DEBUG_INFORMATION_FORMAT = dwarf;
				ENABLE_STRICT_OBJC_MSGSEND = YES;
				ENABLE_TESTABILITY = YES;
				GCC_C_LANGUAGE_STANDARD = gnu11;
				GCC_DYNAMIC_NO_PIC = NO;
				GCC_NO_COMMON_BLOCKS = YES;
				GCC_OPTIMIZATION_LEVEL = 0;
				GCC_PREPROCESSOR_DEFINITIONS = (
					"DEBUG=1",
					"$(inherited)",
				);
				GCC_WARN_64_TO_32_BIT_CONVERSION = YES;
				GCC_WARN_ABOUT_RETURN_TYPE = YES_ERROR;
				GCC_WARN_UNDECLARED_SELECTOR = YES;
				GCC_WARN_UNINITIALIZED_AUTOS = YES_AGGRESSIVE;
				GCC_WARN_UNUSED_FUNCTION = YES;
				GCC_WARN_UNUSED_VARIABLE = YES;
				IPHONEOS_DEPLOYMENT_TARGET = 11.2;
				MTL_ENABLE_DEBUG_INFO = YES;
				ONLY_ACTIVE_ARCH = YES;
				SDKROOT = iphoneos;
				SWIFT_ACTIVE_COMPILATION_CONDITIONS = DEBUG;
				SWIFT_OPTIMIZATION_LEVEL = "-Onone";
			};
			name = Debug;
		};
		79D162902061FB810065B9AE /* Release */ = {
			isa = XCBuildConfiguration;
			buildSettings = {
				ALWAYS_SEARCH_USER_PATHS = NO;
				CLANG_ANALYZER_NONNULL = YES;
				CLANG_ANALYZER_NUMBER_OBJECT_CONVERSION = YES_AGGRESSIVE;
				CLANG_CXX_LANGUAGE_STANDARD = "gnu++14";
				CLANG_CXX_LIBRARY = "libc++";
				CLANG_ENABLE_MODULES = YES;
				CLANG_ENABLE_OBJC_ARC = YES;
				CLANG_WARN_BLOCK_CAPTURE_AUTORELEASING = YES;
				CLANG_WARN_BOOL_CONVERSION = YES;
				CLANG_WARN_COMMA = YES;
				CLANG_WARN_CONSTANT_CONVERSION = YES;
				CLANG_WARN_DIRECT_OBJC_ISA_USAGE = YES_ERROR;
				CLANG_WARN_DOCUMENTATION_COMMENTS = YES;
				CLANG_WARN_EMPTY_BODY = YES;
				CLANG_WARN_ENUM_CONVERSION = YES;
				CLANG_WARN_INFINITE_RECURSION = YES;
				CLANG_WARN_INT_CONVERSION = YES;
				CLANG_WARN_NON_LITERAL_NULL_CONVERSION = YES;
				CLANG_WARN_OBJC_LITERAL_CONVERSION = YES;
				CLANG_WARN_OBJC_ROOT_CLASS = YES_ERROR;
				CLANG_WARN_RANGE_LOOP_ANALYSIS = YES;
				CLANG_WARN_STRICT_PROTOTYPES = YES;
				CLANG_WARN_SUSPICIOUS_MOVE = YES;
				CLANG_WARN_UNGUARDED_AVAILABILITY = YES_AGGRESSIVE;
				CLANG_WARN_UNREACHABLE_CODE = YES;
				CLANG_WARN__DUPLICATE_METHOD_MATCH = YES;
				CODE_SIGN_IDENTITY = "iPhone Developer";
				COPY_PHASE_STRIP = NO;
				DEBUG_INFORMATION_FORMAT = "dwarf-with-dsym";
				ENABLE_NS_ASSERTIONS = NO;
				ENABLE_STRICT_OBJC_MSGSEND = YES;
				GCC_C_LANGUAGE_STANDARD = gnu11;
				GCC_NO_COMMON_BLOCKS = YES;
				GCC_WARN_64_TO_32_BIT_CONVERSION = YES;
				GCC_WARN_ABOUT_RETURN_TYPE = YES_ERROR;
				GCC_WARN_UNDECLARED_SELECTOR = YES;
				GCC_WARN_UNINITIALIZED_AUTOS = YES_AGGRESSIVE;
				GCC_WARN_UNUSED_FUNCTION = YES;
				GCC_WARN_UNUSED_VARIABLE = YES;
				IPHONEOS_DEPLOYMENT_TARGET = 11.2;
				MTL_ENABLE_DEBUG_INFO = NO;
				SDKROOT = iphoneos;
				SWIFT_OPTIMIZATION_LEVEL = "-Owholemodule";
				VALIDATE_PRODUCT = YES;
			};
			name = Release;
		};
		79D162922061FB810065B9AE /* Debug */ = {
			isa = XCBuildConfiguration;
			buildSettings = {
				ASSETCATALOG_COMPILER_APPICON_NAME = AppIcon;
				CODE_SIGN_STYLE = Automatic;
				DEVELOPMENT_TEAM = 3EW38UR6TZ;
				INFOPLIST_FILE = YoloCroppingFaces/Info.plist;
				LD_RUNPATH_SEARCH_PATHS = "$(inherited) @executable_path/Frameworks";
				PRODUCT_BUNDLE_IDENTIFIER = com.echristodoulou.YoloCroppingFaces;
				PRODUCT_NAME = "$(TARGET_NAME)";
				SWIFT_VERSION = 4.0;
				TARGETED_DEVICE_FAMILY = "1,2";
			};
			name = Debug;
		};
		79D162932061FB810065B9AE /* Release */ = {
			isa = XCBuildConfiguration;
			buildSettings = {
				ASSETCATALOG_COMPILER_APPICON_NAME = AppIcon;
				CODE_SIGN_STYLE = Automatic;
				DEVELOPMENT_TEAM = 3EW38UR6TZ;
				INFOPLIST_FILE = YoloCroppingFaces/Info.plist;
				LD_RUNPATH_SEARCH_PATHS = "$(inherited) @executable_path/Frameworks";
				PRODUCT_BUNDLE_IDENTIFIER = com.echristodoulou.YoloCroppingFaces;
				PRODUCT_NAME = "$(TARGET_NAME)";
				SWIFT_VERSION = 4.0;
				TARGETED_DEVICE_FAMILY = "1,2";
			};
			name = Release;
		};
/* End XCBuildConfiguration section */

/* Begin XCConfigurationList section */
		79D1627A2061FB810065B9AE /* Build configuration list for PBXProject "YoloCroppingFaces" */ = {
			isa = XCConfigurationList;
			buildConfigurations = (
				79D1628F2061FB810065B9AE /* Debug */,
				79D162902061FB810065B9AE /* Release */,
			);
			defaultConfigurationIsVisible = 0;
			defaultConfigurationName = Release;
		};
		79D162912061FB810065B9AE /* Build configuration list for PBXNativeTarget "YoloCroppingFaces" */ = {
			isa = XCConfigurationList;
			buildConfigurations = (
				79D162922061FB810065B9AE /* Debug */,
				79D162932061FB810065B9AE /* Release */,
			);
			defaultConfigurationIsVisible = 0;
			defaultConfigurationName = Release;
		};
/* End XCConfigurationList section */
	};
	rootObject = 79D162772061FB810065B9AE /* Project object */;
}
